
Microsoft Visual Studio Solution File, Format Version 12.00
# 17
VisualStudioVersion = 17.4.33213.308
MinimumVisualStudioVersion = 10.0.40219.1
Project("{9A19103F-16F7-4668-BE54-9A1E7A4F7556}") = "StartPro", "StartPro\StartPro.csproj", "{E417D5CF-9AFF-4660-9297-F969214AB37E}"
EndProject
Project("{2150E333-8FDC-42A3-9474-1A3956D46DE8}") = "解决方案项", "解决方案项", "{C49A5913-3005-48EB-A8E0-1AB53AB798DE}"
	ProjectSection(SolutionItems) = preProject
		.editorconfig = .editorconfig
		.gitattributes = .gitattributes
		.gitignore = .gitignore
		.github\workflows\build.yml = .github\workflows\build.yml
		LICENSE = LICENSE
		README.md = README.md
		Settings.XamlStyler = Settings.XamlStyler
	EndProjectSection
EndProject
Global
	GlobalSection(SolutionConfigurationPlatforms) = preSolution
		Debug|Any CPU = Debug|Any CPU
		Release|Any CPU = Release|Any CPU
	EndGlobalSection
	GlobalSection(ProjectConfigurationPlatforms) = postSolution
		{E417D5CF-9AFF-4660-9297-F969214AB37E}.Debug|Any CPU.ActiveCfg = Debug|Any CPU
		{E417D5CF-9AFF-4660-9297-F969214AB37E}.Debug|Any CPU.Build.0 = Debug|Any CPU
		{E417D5CF-9AFF-4660-9297-F969214AB37E}.Release|Any CPU.ActiveCfg = Release|Any CPU
		{E417D5CF-9AFF-4660-9297-F969214AB37E}.Release|Any CPU.Build.0 = Release|Any CPU
	EndGlobalSection
	GlobalSection(SolutionProperties) = preSolution
		HideSolutionNode = FALSE
	EndGlobalSection
	GlobalSection(ExtensibilityGlobals) = postSolution
		SolutionGuid = {CA8313EC-90F6-4BC2-9230-D99C2F44E37F}
		RESX_CultureCountyOverrides = zh-CHT=zh-MO
		RESX_SortFileContentOnSave = True
		RESX_ResXSortingComparison = CurrentCultureIgnoreCase
	EndGlobalSection
EndGlobal
